
Microsoft Visual Studio Solution File, Format Version 12.00
# Visual Studio 15
Project("{FAE04EC0-301F-11D3-BF4B-00C04F79EFBC}") = "Snapdragon.Spaces.Runtime", "Snapdragon.Spaces.Runtime.csproj", "{7BAD5D98-DE1B-2D87-405C-4EB3A6844668}"
EndProject
Project("{FAE04EC0-301F-11D3-BF4B-00C04F79EFBC}") = "Assembly-CSharp", "Assembly-CSharp.csproj", "{89FE227D-6BC9-BE38-11A2-430AEE5D42D1}"
EndProject
Project("{FAE04EC0-301F-11D3-BF4B-00C04F79EFBC}") = "Unity.XR.Interaction.Toolkit.Samples.DeviceSimulator", "Unity.XR.Interaction.Toolkit.Samples.DeviceSimulator.csproj", "{1C6B03CB-AF14-82BF-C497-A8CA3CBEF641}"
EndProject
Project("{FAE04EC0-301F-11D3-BF4B-00C04F79EFBC}") = "Unity.XR.Hands.Samples.VisualizerSample", "Unity.XR.Hands.Samples.VisualizerSample.csproj", "{F4CAB219-4ACE-623A-9518-D74A6D0431BD}"
EndProject
Project("{FAE04EC0-301F-11D3-BF4B-00C04F79EFBC}") = "Assembly-CSharp-Editor", "Assembly-CSharp-Editor.csproj", "{FFF58880-CFC7-ED03-4ECF-A863E56FDE00}"
EndProject
Global
	GlobalSection(SolutionConfigurationPlatforms) = preSolution
		Debug|Any CPU = Debug|Any CPU
		Release|Any CPU = Release|Any CPU
	EndGlobalSection
	GlobalSection(ProjectConfigurationPlatforms) = postSolution
		{7BAD5D98-DE1B-2D87-405C-4EB3A6844668}.Debug|Any CPU.ActiveCfg = Debug|Any CPU
		{7BAD5D98-DE1B-2D87-405C-4EB3A6844668}.Debug|Any CPU.Build.0 = Debug|Any CPU
		{7BAD5D98-DE1B-2D87-405C-4EB3A6844668}.Release|Any CPU.ActiveCfg = Release|Any CPU
		{7BAD5D98-DE1B-2D87-405C-4EB3A6844668}.Release|Any CPU.Build.0 = Release|Any CPU
		{89FE227D-6BC9-BE38-11A2-430AEE5D42D1}.Debug|Any CPU.ActiveCfg = Debug|Any CPU
		{89FE227D-6BC9-BE38-11A2-430AEE5D42D1}.Debug|Any CPU.Build.0 = Debug|Any CPU
		{89FE227D-6BC9-BE38-11A2-430AEE5D42D1}.Release|Any CPU.ActiveCfg = Release|Any CPU
		{89FE227D-6BC9-BE38-11A2-430AEE5D42D1}.Release|Any CPU.Build.0 = Release|Any CPU
		{1C6B03CB-AF14-82BF-C497-A8CA3CBEF641}.Debug|Any CPU.ActiveCfg = Debug|Any CPU
		{1C6B03CB-AF14-82BF-C497-A8CA3CBEF641}.Debug|Any CPU.Build.0 = Debug|Any CPU
		{1C6B03CB-AF14-82BF-C497-A8CA3CBEF641}.Release|Any CPU.ActiveCfg = Release|Any CPU
		{1C6B03CB-AF14-82BF-C497-A8CA3CBEF641}.Release|Any CPU.Build.0 = Release|Any CPU
		{F4CAB219-4ACE-623A-9518-D74A6D0431BD}.Debug|Any CPU.ActiveCfg = Debug|Any CPU
		{F4CAB219-4ACE-623A-9518-D74A6D0431BD}.Debug|Any CPU.Build.0 = Debug|Any CPU
		{F4CAB219-4ACE-623A-9518-D74A6D0431BD}.Release|Any CPU.ActiveCfg = Release|Any CPU
		{F4CAB219-4ACE-623A-9518-D74A6D0431BD}.Release|Any CPU.Build.0 = Release|Any CPU
		{FFF58880-CFC7-ED03-4ECF-A863E56FDE00}.Debug|Any CPU.ActiveCfg = Debug|Any CPU
		{FFF58880-CFC7-ED03-4ECF-A863E56FDE00}.Debug|Any CPU.Build.0 = Debug|Any CPU
		{FFF58880-CFC7-ED03-4ECF-A863E56FDE00}.Release|Any CPU.ActiveCfg = Release|Any CPU
		{FFF58880-CFC7-ED03-4ECF-A863E56FDE00}.Release|Any CPU.Build.0 = Release|Any CPU
	EndGlobalSection
	GlobalSection(SolutionProperties) = preSolution
		HideSolutionNode = FALSE
	EndGlobalSection
EndGlobal
